
Microsoft Visual Studio Solution File, Format Version 12.00
# Visual Studio 15
VisualStudioVersion = 15.0.26730.15
MinimumVisualStudioVersion = 10.0.40219.1
Project("{FAE04EC0-301F-11D3-BF4B-00C04F79EFBC}") = "Calculater eXtreme", "Calculater eXtreme\Calculater eXtreme.csproj", "{FDB237C9-CA89-4893-9AC6-31341DC9FAF0}"
EndProject
Global
	GlobalSection(Performance) = preSolution
		HasPerformanceSessions = true
	EndGlobalSection
	GlobalSection(SolutionConfigurationPlatforms) = preSolution
		Debug|Any CPU = Debug|Any CPU
		Release|Any CPU = Release|Any CPU
	EndGlobalSection
	GlobalSection(ProjectConfigurationPlatforms) = postSolution
		{FDB237C9-CA89-4893-9AC6-31341DC9FAF0}.Debug|Any CPU.ActiveCfg = Debug|Any CPU
		{FDB237C9-CA89-4893-9AC6-31341DC9FAF0}.Debug|Any CPU.Build.0 = Debug|Any CPU
		{FDB237C9-CA89-4893-9AC6-31341DC9FAF0}.Release|Any CPU.ActiveCfg = Release|Any CPU
		{FDB237C9-CA89-4893-9AC6-31341DC9FAF0}.Release|Any CPU.Build.0 = Release|Any CPU
	EndGlobalSection
	GlobalSection(SolutionProperties) = preSolution
		HideSolutionNode = FALSE
	EndGlobalSection
	GlobalSection(ExtensibilityGlobals) = postSolution
		SolutionGuid = {4F6DA0DE-358D-4086-BE84-42FD10B1DA9F}
	EndGlobalSection
EndGlobal
